dependencies:
- name: k8s-jackett
  repository: file://./jackett
  version: 0.9.1
- name: k8s-sonarr
  repository: file://./sonarr
  version: 0.9.1
- name: k8s-radarr
  repository: file://./radarr
  version: 0.9.1
- name: k8s-prowlarr
  repository: file://./prowlarr
  version: 0.9.1
- name: k8s-sabnzbd
  repository: file://./sabnzbd
  version: 0.9.1
- name: k8s-plex
  repository: file://./plex
  version: 0.9.1
- name: k8s-transmission
  repository: file://./transmission/
  version: 0.9.1
digest: sha256:37c054023fdf8a0c53cd280bc8f3e63604ccee7c9c411be72074b6f73dfc9945
generated: "2023-12-30T13:47:59.408439-06:00"
