dependencies:
- name: k8s-jackett
  repository: file://./jackett
  version: 0.9.1
- name: k8s-sonarr
  repository: file://./sonarr
  version: 0.9.1
- name: k8s-radarr
  repository: file://./radarr
  version: 0.9.1
- name: k8s-prowlarr
  repository: file://./prowlarr
  version: 0.9.1
- name: k8s-sabnzbd
  repository: file://./sabnzbd
  version: 0.9.1
- name: k8s-plex
  repository: file://./plex
  version: 0.9.1
- name: k8s-transmission
  repository: file://./plex
  version: 0.9.1
digest: sha256:d4bdfb818bb9906d8f89bd03da25e04a453e5f0c090ba4af6e12d17fc5389107
generated: "2023-12-30T11:41:45.482245-06:00"
